
Microsoft Visual Studio Solution File, Format Version 12.00
# Visual Studio 2013
VisualStudioVersion = 12.0.30501.0
MinimumVisualStudioVersion = 10.0.40219.1
Project("{FAE04EC0-301F-11D3-BF4B-00C04F79EFBC}") = "Ejercicio01", "Ejercicio01\Ejercicio01.csproj", "{480E2F1C-EB0B-4B2D-8CEA-B81113B7FC9B}"
EndProject
Project("{FAE04EC0-301F-11D3-BF4B-00C04F79EFBC}") = "Ejercicio02", "Ejercicio02\Ejercicio02.csproj", "{C99C843E-79D7-4344-962F-B438F1E0C0BB}"
EndProject
Project("{FAE04EC0-301F-11D3-BF4B-00C04F79EFBC}") = "Ejercicio03", "Ejercicio03\Ejercicio03.csproj", "{901BB8AB-2827-4846-B71F-3BFFEBF0F470}"
EndProject
Project("{FAE04EC0-301F-11D3-BF4B-00C04F79EFBC}") = "Ejercicio04", "Ejercicio04\Ejercicio04.csproj", "{24557645-DBDF-4096-8149-D20AEBD41CB4}"
EndProject
Global
	GlobalSection(SolutionConfigurationPlatforms) = preSolution
		Debug|Any CPU = Debug|Any CPU
		Release|Any CPU = Release|Any CPU
	EndGlobalSection
	GlobalSection(ProjectConfigurationPlatforms) = postSolution
		{480E2F1C-EB0B-4B2D-8CEA-B81113B7FC9B}.Debug|Any CPU.ActiveCfg = Debug|Any CPU
		{480E2F1C-EB0B-4B2D-8CEA-B81113B7FC9B}.Debug|Any CPU.Build.0 = Debug|Any CPU
		{480E2F1C-EB0B-4B2D-8CEA-B81113B7FC9B}.Release|Any CPU.ActiveCfg = Release|Any CPU
		{480E2F1C-EB0B-4B2D-8CEA-B81113B7FC9B}.Release|Any CPU.Build.0 = Release|Any CPU
		{C99C843E-79D7-4344-962F-B438F1E0C0BB}.Debug|Any CPU.ActiveCfg = Debug|Any CPU
		{C99C843E-79D7-4344-962F-B438F1E0C0BB}.Debug|Any CPU.Build.0 = Debug|Any CPU
		{C99C843E-79D7-4344-962F-B438F1E0C0BB}.Release|Any CPU.ActiveCfg = Release|Any CPU
		{C99C843E-79D7-4344-962F-B438F1E0C0BB}.Release|Any CPU.Build.0 = Release|Any CPU
		{901BB8AB-2827-4846-B71F-3BFFEBF0F470}.Debug|Any CPU.ActiveCfg = Debug|Any CPU
		{901BB8AB-2827-4846-B71F-3BFFEBF0F470}.Debug|Any CPU.Build.0 = Debug|Any CPU
		{901BB8AB-2827-4846-B71F-3BFFEBF0F470}.Release|Any CPU.ActiveCfg = Release|Any CPU
		{901BB8AB-2827-4846-B71F-3BFFEBF0F470}.Release|Any CPU.Build.0 = Release|Any CPU
		{24557645-DBDF-4096-8149-D20AEBD41CB4}.Debug|Any CPU.ActiveCfg = Debug|Any CPU
		{24557645-DBDF-4096-8149-D20AEBD41CB4}.Debug|Any CPU.Build.0 = Debug|Any CPU
		{24557645-DBDF-4096-8149-D20AEBD41CB4}.Release|Any CPU.ActiveCfg = Release|Any CPU
		{24557645-DBDF-4096-8149-D20AEBD41CB4}.Release|Any CPU.Build.0 = Release|Any CPU
	EndGlobalSection
	GlobalSection(SolutionProperties) = preSolution
		HideSolutionNode = FALSE
	EndGlobalSection
EndGlobal
