
Microsoft Visual Studio Solution File, Format Version 12.00
# Visual Studio 2013
VisualStudioVersion = 12.0.30501.0
MinimumVisualStudioVersion = 10.0.40219.1
Project("{FAE04EC0-301F-11D3-BF4B-00C04F79EFBC}") = "Ejercicio01", "ConsoleApplication1\Ejercicio01.csproj", "{B29D73D0-8965-4FC9-9CDD-BCCD5D71CAC4}"
EndProject
Project("{FAE04EC0-301F-11D3-BF4B-00C04F79EFBC}") = "Ejercicio02", "Ejercicio02\Ejercicio02.csproj", "{62C296CE-A816-457A-ABBA-A38B0FF7913A}"
EndProject
Project("{FAE04EC0-301F-11D3-BF4B-00C04F79EFBC}") = "Ejercicio03", "Ejercicio03\Ejercicio03.csproj", "{CDA94FAF-764F-46D8-9702-0F32D7DCD9DB}"
EndProject
Global
	GlobalSection(SolutionConfigurationPlatforms) = preSolution
		Debug|Any CPU = Debug|Any CPU
		Release|Any CPU = Release|Any CPU
	EndGlobalSection
	GlobalSection(ProjectConfigurationPlatforms) = postSolution
		{B29D73D0-8965-4FC9-9CDD-BCCD5D71CAC4}.Debug|Any CPU.ActiveCfg = Debug|Any CPU
		{B29D73D0-8965-4FC9-9CDD-BCCD5D71CAC4}.Debug|Any CPU.Build.0 = Debug|Any CPU
		{B29D73D0-8965-4FC9-9CDD-BCCD5D71CAC4}.Release|Any CPU.ActiveCfg = Release|Any CPU
		{B29D73D0-8965-4FC9-9CDD-BCCD5D71CAC4}.Release|Any CPU.Build.0 = Release|Any CPU
		{62C296CE-A816-457A-ABBA-A38B0FF7913A}.Debug|Any CPU.ActiveCfg = Debug|Any CPU
		{62C296CE-A816-457A-ABBA-A38B0FF7913A}.Debug|Any CPU.Build.0 = Debug|Any CPU
		{62C296CE-A816-457A-ABBA-A38B0FF7913A}.Release|Any CPU.ActiveCfg = Release|Any CPU
		{62C296CE-A816-457A-ABBA-A38B0FF7913A}.Release|Any CPU.Build.0 = Release|Any CPU
		{CDA94FAF-764F-46D8-9702-0F32D7DCD9DB}.Debug|Any CPU.ActiveCfg = Debug|Any CPU
		{CDA94FAF-764F-46D8-9702-0F32D7DCD9DB}.Debug|Any CPU.Build.0 = Debug|Any CPU
		{CDA94FAF-764F-46D8-9702-0F32D7DCD9DB}.Release|Any CPU.ActiveCfg = Release|Any CPU
		{CDA94FAF-764F-46D8-9702-0F32D7DCD9DB}.Release|Any CPU.Build.0 = Release|Any CPU
	EndGlobalSection
	GlobalSection(SolutionProperties) = preSolution
		HideSolutionNode = FALSE
	EndGlobalSection
EndGlobal
